{
    "_readme": [
        "This file locks the dependencies of your project to a known state",
        "Read more about it at https://getcomposer.org/doc/01-basic-usage.md#installing-dependencies",
        "This file is @generated automatically"
    ],
    "content-hash": "c093dffa96dcf1a07a0eef8f8fa6d976",
    "packages": [
        {
            "name": "ramona/automation-platform-lib-build",
            "version": "dev-main",
            "dist": {
                "type": "path",
                "url": "../../libraries/build",
                "reference": "3adcd3de9ec01ee957d240d467347a9c3ca94978"
            },
            "require": {
                "php": "^8.0"
            },
            "require-dev": {
                "slevomat/coding-standard": "^7.0",
                "symplify/easy-coding-standard": "^9.4",
                "vimeo/psalm": "^4.8"
            },
            "bin": [
                "bin/build.php"
            ],
            "type": "library",
            "autoload": {
                "psr-4": {
                    "Ramona\\AutomationPlatformLibBuild\\": "src/"
                }
            },
            "transport-options": {
                "relative": true
            }
        }
    ],
    "packages-dev": [],
    "aliases": [],
    "minimum-stability": "dev",
    "stability-flags": [],
    "prefer-stable": true,
    "prefer-lowest": false,
    "platform": [],
    "platform-dev": [],
    "plugin-api-version": "2.1.0"
}
